
Microsoft Visual Studio Solution File, Format Version 12.00
# Visual Studio Version 17
VisualStudioVersion = 17.5.33627.172
MinimumVisualStudioVersion = 10.0.40219.1
Project("{FAE04EC0-301F-11D3-BF4B-00C04F79EFBC}") = "Properties", "Properties\Properties.csproj", "{47DEEC5C-8B6B-42DD-BAF8-12652B2FC65A}"
EndProject
Global
	GlobalSection(SolutionConfigurationPlatforms) = preSolution
		Debug|Any CPU = Debug|Any CPU
		Release|Any CPU = Release|Any CPU
	EndGlobalSection
	GlobalSection(ProjectConfigurationPlatforms) = postSolution
		{47DEEC5C-8B6B-42DD-BAF8-12652B2FC65A}.Debug|Any CPU.ActiveCfg = Debug|Any CPU
		{47DEEC5C-8B6B-42DD-BAF8-12652B2FC65A}.Debug|Any CPU.Build.0 = Debug|Any CPU
		{47DEEC5C-8B6B-42DD-BAF8-12652B2FC65A}.Release|Any CPU.ActiveCfg = Release|Any CPU
		{47DEEC5C-8B6B-42DD-BAF8-12652B2FC65A}.Release|Any CPU.Build.0 = Release|Any CPU
	EndGlobalSection
	GlobalSection(SolutionProperties) = preSolution
		HideSolutionNode = FALSE
	EndGlobalSection
	GlobalSection(ExtensibilityGlobals) = postSolution
		SolutionGuid = {A57FA8F1-8135-4EFA-BA8C-0EE37250027A}
	EndGlobalSection
EndGlobal
